
Microsoft Visual Studio Solution File, Format Version 12.00
# Visual Studio Version 16
VisualStudioVersion = 16.0.33328.57
MinimumVisualStudioVersion = 10.0.40219.1
Project("{FAE04EC0-301F-11D3-BF4B-00C04F79EFBC}") = "Protocol", "Protocol\Protocol.csproj", "{EB8189C0-136E-4F89-A018-172B32540653}"
EndProject
Project("{FAE04EC0-301F-11D3-BF4B-00C04F79EFBC}") = "MyServer", "MyServer\MyServer.csproj", "{B0E9A420-BACC-4E3A-A3A4-3C7750797F6F}"
EndProject
Project("{FAE04EC0-301F-11D3-BF4B-00C04F79EFBC}") = "GameServer", "GameServer\GameServer.csproj", "{2D841DFE-4C92-49E6-9883-52BD0A6CC3C5}"
	ProjectSection(ProjectDependencies) = postProject
		{B0E9A420-BACC-4E3A-A3A4-3C7750797F6F} = {B0E9A420-BACC-4E3A-A3A4-3C7750797F6F}
		{EB8189C0-136E-4F89-A018-172B32540653} = {EB8189C0-136E-4F89-A018-172B32540653}
	EndProjectSection
EndProject
Global
	GlobalSection(SolutionConfigurationPlatforms) = preSolution
		Debug|Any CPU = Debug|Any CPU
		Release|Any CPU = Release|Any CPU
	EndGlobalSection
	GlobalSection(ProjectConfigurationPlatforms) = postSolution
		{EB8189C0-136E-4F89-A018-172B32540653}.Debug|Any CPU.ActiveCfg = Debug|Any CPU
		{EB8189C0-136E-4F89-A018-172B32540653}.Debug|Any CPU.Build.0 = Debug|Any CPU
		{EB8189C0-136E-4F89-A018-172B32540653}.Release|Any CPU.ActiveCfg = Release|Any CPU
		{EB8189C0-136E-4F89-A018-172B32540653}.Release|Any CPU.Build.0 = Release|Any CPU
		{B0E9A420-BACC-4E3A-A3A4-3C7750797F6F}.Debug|Any CPU.ActiveCfg = Debug|Any CPU
		{B0E9A420-BACC-4E3A-A3A4-3C7750797F6F}.Debug|Any CPU.Build.0 = Debug|Any CPU
		{B0E9A420-BACC-4E3A-A3A4-3C7750797F6F}.Release|Any CPU.ActiveCfg = Release|Any CPU
		{B0E9A420-BACC-4E3A-A3A4-3C7750797F6F}.Release|Any CPU.Build.0 = Release|Any CPU
		{2D841DFE-4C92-49E6-9883-52BD0A6CC3C5}.Debug|Any CPU.ActiveCfg = Debug|Any CPU
		{2D841DFE-4C92-49E6-9883-52BD0A6CC3C5}.Debug|Any CPU.Build.0 = Debug|Any CPU
		{2D841DFE-4C92-49E6-9883-52BD0A6CC3C5}.Release|Any CPU.ActiveCfg = Release|Any CPU
		{2D841DFE-4C92-49E6-9883-52BD0A6CC3C5}.Release|Any CPU.Build.0 = Release|Any CPU
	EndGlobalSection
	GlobalSection(SolutionProperties) = preSolution
		HideSolutionNode = FALSE
	EndGlobalSection
	GlobalSection(ExtensibilityGlobals) = postSolution
		SolutionGuid = {8DA27D47-AE79-445D-8D96-445A100D42FE}
	EndGlobalSection
EndGlobal
